Microsoft Visual Studio Solution File, Format Version 11.00
# Visual Studio 2008

Project("{7404D2A8-B8A6-F08F-9168-AE92FFA92494}") = "SerialTesting", "Assembly-CSharp.csproj", "{DA8F959E-AB39-0A4E-58F0-5734E9063F06}"
EndProject
Global
	GlobalSection(SolutionConfigurationPlatforms) = preSolution
		Debug|Any CPU = Debug|Any CPU
		Release|Any CPU = Release|Any CPU
	EndGlobalSection
	GlobalSection(ProjectConfigurationPlatforms) = postSolution
		{DA8F959E-AB39-0A4E-58F0-5734E9063F06}.Debug|Any CPU.ActiveCfg = Debug|Any CPU
		{DA8F959E-AB39-0A4E-58F0-5734E9063F06}.Debug|Any CPU.Build.0 = Debug|Any CPU
		{DA8F959E-AB39-0A4E-58F0-5734E9063F06}.Release|Any CPU.ActiveCfg = Release|Any CPU
		{DA8F959E-AB39-0A4E-58F0-5734E9063F06}.Release|Any CPU.Build.0 = Release|Any CPU
	EndGlobalSection
	GlobalSection(SolutionProperties) = preSolution
		HideSolutionNode = FALSE
	EndGlobalSection
	GlobalSection(MonoDevelopProperties) = preSolution
		StartupItem = Assembly-CSharp.csproj
	EndGlobalSection
EndGlobal
